
Microsoft Visual Studio Solution File, Format Version 12.00
# Visual Studio Version 17
VisualStudioVersion = 17.13.35931.197 d17.13
MinimumVisualStudioVersion = 10.0.40219.1
Project("{FAE04EC0-301F-11D3-BF4B-00C04F79EFBC}") = "OpenTelemetryWithJaeger", "OpenTelemetryWithJaeger\OpenTelemetryWithJaeger.csproj", "{6EDB4D5C-3B1A-4D2A-96CB-C47E067E7F48}"
EndProject
Global
	GlobalSection(SolutionConfigurationPlatforms) = preSolution
		Debug|Any CPU = Debug|Any CPU
		Release|Any CPU = Release|Any CPU
	EndGlobalSection
	GlobalSection(ProjectConfigurationPlatforms) = postSolution
		{6EDB4D5C-3B1A-4D2A-96CB-C47E067E7F48}.Debug|Any CPU.ActiveCfg = Debug|Any CPU
		{6EDB4D5C-3B1A-4D2A-96CB-C47E067E7F48}.Debug|Any CPU.Build.0 = Debug|Any CPU
		{6EDB4D5C-3B1A-4D2A-96CB-C47E067E7F48}.Release|Any CPU.ActiveCfg = Release|Any CPU
		{6EDB4D5C-3B1A-4D2A-96CB-C47E067E7F48}.Release|Any CPU.Build.0 = Release|Any CPU
	EndGlobalSection
	GlobalSection(SolutionProperties) = preSolution
		HideSolutionNode = FALSE
	EndGlobalSection
	GlobalSection(ExtensibilityGlobals) = postSolution
		SolutionGuid = {F8363AD4-2C63-44D5-B8EA-B74C8FE2646E}
	EndGlobalSection
EndGlobal
